
Microsoft Visual Studio Solution File, Format Version 12.00
# Visual Studio Version 17
VisualStudioVersion = 17.14.36203.30 d17.14
MinimumVisualStudioVersion = 10.0.40219.1
Project("{FAE04EC0-301F-11D3-BF4B-00C04F79EFBC}") = "backend.API", "backend.API\backend.API.csproj", "{0C2514F4-785A-48DE-A606-C3B04E755868}"
EndProject
Project("{FAE04EC0-301F-11D3-BF4B-00C04F79EFBC}") = "backend.DataAccess", "backend.DataAccess\backend.DataAccess.csproj", "{37F213A9-CF60-486C-B94F-0E1EC6F33DD9}"
EndProject
Global
	GlobalSection(SolutionConfigurationPlatforms) = preSolution
		Debug|Any CPU = Debug|Any CPU
		Release|Any CPU = Release|Any CPU
	EndGlobalSection
	GlobalSection(ProjectConfigurationPlatforms) = postSolution
		{0C2514F4-785A-48DE-A606-C3B04E755868}.Debug|Any CPU.ActiveCfg = Debug|Any CPU
		{0C2514F4-785A-48DE-A606-C3B04E755868}.Debug|Any CPU.Build.0 = Debug|Any CPU
		{0C2514F4-785A-48DE-A606-C3B04E755868}.Release|Any CPU.ActiveCfg = Release|Any CPU
		{0C2514F4-785A-48DE-A606-C3B04E755868}.Release|Any CPU.Build.0 = Release|Any CPU
		{37F213A9-CF60-486C-B94F-0E1EC6F33DD9}.Debug|Any CPU.ActiveCfg = Debug|Any CPU
		{37F213A9-CF60-486C-B94F-0E1EC6F33DD9}.Debug|Any CPU.Build.0 = Debug|Any CPU
		{37F213A9-CF60-486C-B94F-0E1EC6F33DD9}.Release|Any CPU.ActiveCfg = Release|Any CPU
		{37F213A9-CF60-486C-B94F-0E1EC6F33DD9}.Release|Any CPU.Build.0 = Release|Any CPU
	EndGlobalSection
	GlobalSection(SolutionProperties) = preSolution
		HideSolutionNode = FALSE
	EndGlobalSection
	GlobalSection(ExtensibilityGlobals) = postSolution
		SolutionGuid = {F9668E8D-E27F-4CD1-B16B-31EDC4713D63}
	EndGlobalSection
EndGlobal
